{
  "requires": true,
  "lockfileVersion": 1,
  "dependencies": {
    "adm-zip": {
      "version": "0.5.10",
      "resolved": "https://registry.npmjs.org/adm-zip/-/adm-zip-0.5.10.tgz",
      "integrity": "sha512-x0HvcHqVJNTPk/Bw8JbLWlWoo6Wwnsug0fnYYro1HBrjxZ3G7/AZk7Ahv8JwDe1uIcz8eBqvu86FuF1POiG7vQ=="
    },
    "commander": {
      "version": "2.20.3",
      "resolved": "https://registry.npmjs.org/commander/-/commander-2.20.3.tgz",
      "integrity": "sha512-GpVkmM8vF2vQUkj2LvZmD35JxeJOLCwJ9cUkugyk2nuhbv3+mJvpLYYt+0+USMxE+oj+ey/lJEnhZw75x/OMcQ=="
    }
  }
}
